
Microsoft Visual Studio Solution File, Format Version 12.00
# Visual Studio Version 16
VisualStudioVersion = 16.0.31911.196
MinimumVisualStudioVersion = 10.0.40219.1
Project("{FAE04EC0-301F-11D3-BF4B-00C04F79EFBC}") = "cau1", "cau1\cau1.csproj", "{A6271469-0FBC-400E-ACE2-2A511E8C1476}"
EndProject
Global
	GlobalSection(SolutionConfigurationPlatforms) = preSolution
		Debug|Any CPU = Debug|Any CPU
		Release|Any CPU = Release|Any CPU
	EndGlobalSection
	GlobalSection(ProjectConfigurationPlatforms) = postSolution
		{A6271469-0FBC-400E-ACE2-2A511E8C1476}.Debug|Any CPU.ActiveCfg = Debug|Any CPU
		{A6271469-0FBC-400E-ACE2-2A511E8C1476}.Debug|Any CPU.Build.0 = Debug|Any CPU
		{A6271469-0FBC-400E-ACE2-2A511E8C1476}.Release|Any CPU.ActiveCfg = Release|Any CPU
		{A6271469-0FBC-400E-ACE2-2A511E8C1476}.Release|Any CPU.Build.0 = Release|Any CPU
	EndGlobalSection
	GlobalSection(SolutionProperties) = preSolution
		HideSolutionNode = FALSE
	EndGlobalSection
	GlobalSection(ExtensibilityGlobals) = postSolution
		SolutionGuid = {451A9FC4-1590-44B7-BDA1-AAF3AED1162F}
	EndGlobalSection
EndGlobal
